
Microsoft Visual Studio Solution File, Format Version 12.00
# Visual Studio Version 17
VisualStudioVersion = 17.8.34330.188
MinimumVisualStudioVersion = 10.0.40219.1
Project("{FAE04EC0-301F-11D3-BF4B-00C04F79EFBC}") = "RealEstateManagement_Ahmed", "RealEstateManagement_Ahmed\RealEstateManagement_Ahmed.csproj", "{E8BD0853-4A0F-454A-A911-F1A48F28C746}"
EndProject
Global
	GlobalSection(SolutionConfigurationPlatforms) = preSolution
		Debug|Any CPU = Debug|Any CPU
		Release|Any CPU = Release|Any CPU
	EndGlobalSection
	GlobalSection(ProjectConfigurationPlatforms) = postSolution
		{E8BD0853-4A0F-454A-A911-F1A48F28C746}.Debug|Any CPU.ActiveCfg = Debug|Any CPU
		{E8BD0853-4A0F-454A-A911-F1A48F28C746}.Debug|Any CPU.Build.0 = Debug|Any CPU
		{E8BD0853-4A0F-454A-A911-F1A48F28C746}.Release|Any CPU.ActiveCfg = Release|Any CPU
		{E8BD0853-4A0F-454A-A911-F1A48F28C746}.Release|Any CPU.Build.0 = Release|Any CPU
	EndGlobalSection
	GlobalSection(SolutionProperties) = preSolution
		HideSolutionNode = FALSE
	EndGlobalSection
	GlobalSection(ExtensibilityGlobals) = postSolution
		SolutionGuid = {CF5DC776-6056-44A8-B2EA-56EC6800DAA1}
	EndGlobalSection
EndGlobal
